PODS:
  - Flutter (1.0.0)
  - flutter_charset_detector_ios (0.0.1):
    - Flutter
    - UniversalDetector2
  - UniversalDetector2 (2.0.0)

DEPENDENCIES:
  - Flutter (from `Flutter`)
  - flutter_charset_detector_ios (from `.symlinks/plugins/flutter_charset_detector_ios/ios`)

SPEC REPOS:
  trunk:
    - UniversalDetector2

EXTERNAL SOURCES:
  Flutter:
    :path: Flutter
  flutter_charset_detector_ios:
    :path: ".symlinks/plugins/flutter_charset_detector_ios/ios"

SPEC CHECKSUMS:
  Flutter: f04841e97a9d0b0a8025694d0796dd46242b2854
  flutter_charset_detector_ios: abec55ca673f135d99aaaf5beee8e6ebbcb6aae5
  UniversalDetector2: 8b226f8a7c8a65a6c449848cb664f92fb83cf81b

PODFILE CHECKSUM: ef19549a9bc3046e7bb7d2fab4d021637c0c58a3

COCOAPODS: 1.11.3
