PODS:
  - Flutter (1.0.0)
  - flutter_charset_detector_ios (0.0.1):
    - Flutter
    - UniversalDetector2 (= 2.0.1)
  - UniversalDetector2 (2.0.1)

DEPENDENCIES:
  - Flutter (from `Flutter`)
  - flutter_charset_detector_ios (from `.symlinks/plugins/flutter_charset_detector_ios/ios`)

SPEC REPOS:
  trunk:
    - UniversalDetector2

EXTERNAL SOURCES:
  Flutter:
    :path: Flutter
  flutter_charset_detector_ios:
    :path: ".symlinks/plugins/flutter_charset_detector_ios/ios"

SPEC CHECKSUMS:
  Flutter: f04841e97a9d0b0a8025694d0796dd46242b2854
  flutter_charset_detector_ios: 5157d0104855b9deb78e1395515a287197bc2d55
  UniversalDetector2: 7c9ffd935cf050eeb19edf7e90f6febe3743a1af

PODFILE CHECKSUM: ef19549a9bc3046e7bb7d2fab4d021637c0c58a3

COCOAPODS: 1.11.3
