PODS:
  - Flutter (1.0.0)
  - flutter_charset_detector_darwin (0.0.1):
    - Flutter
    - FlutterMacOS
    - UniversalDetector2 (= 2.0.1)
  - UniversalDetector2 (2.0.1)

DEPENDENCIES:
  - Flutter (from `Flutter`)
  - flutter_charset_detector_darwin (from `.symlinks/plugins/flutter_charset_detector_darwin/darwin`)

SPEC REPOS:
  trunk:
    - UniversalDetector2

EXTERNAL SOURCES:
  Flutter:
    :path: Flutter
  flutter_charset_detector_darwin:
    :path: ".symlinks/plugins/flutter_charset_detector_darwin/darwin"

SPEC CHECKSUMS:
  Flutter: e0871f40cf51350855a761d2e70bf5af5b9b5de7
  flutter_charset_detector_darwin: fb3692d6d72cb6afcce7b0dd1a9516be6e78556e
  UniversalDetector2: 7c9ffd935cf050eeb19edf7e90f6febe3743a1af

PODFILE CHECKSUM: c4c93c5f6502fe2754f48404d3594bf779584011

COCOAPODS: 1.14.3
