PODS:
  - Flutter (1.0.0)
  - flutter_charset_detector (0.0.1):
    - Flutter
    - UniversalDetector2
  - UniversalDetector2 (2.0.0)

DEPENDENCIES:
  - Flutter (from `Flutter`)
  - flutter_charset_detector (from `.symlinks/plugins/flutter_charset_detector/ios`)

SPEC REPOS:
  trunk:
    - UniversalDetector2

EXTERNAL SOURCES:
  Flutter:
    :path: Flutter
  flutter_charset_detector:
    :path: ".symlinks/plugins/flutter_charset_detector/ios"

SPEC CHECKSUMS:
  Flutter: 434fef37c0980e73bb6479ef766c45957d4b510c
  flutter_charset_detector: c446c2d0da8991a0bd3dbb9842ff3af415484582
  UniversalDetector2: 8b226f8a7c8a65a6c449848cb664f92fb83cf81b

PODFILE CHECKSUM: aafe91acc616949ddb318b77800a7f51bffa2a4c

COCOAPODS: 1.10.1
